
Microsoft Visual Studio Solution File, Format Version 12.00
# Visual Studio Version 17
VisualStudioVersion = 17.8.34004.107
MinimumVisualStudioVersion = 10.0.40219.1
Project("{FAE04EC0-301F-11D3-BF4B-00C04F79EFBC}") = "Sum And Average", "Sum And Average.csproj", "{A04F5691-CB84-45DD-9C15-DE3FC6C8688C}"
EndProject
Global
	GlobalSection(SolutionConfigurationPlatforms) = preSolution
		Debug|Any CPU = Debug|Any CPU
		Release|Any CPU = Release|Any CPU
	EndGlobalSection
	GlobalSection(ProjectConfigurationPlatforms) = postSolution
		{A04F5691-CB84-45DD-9C15-DE3FC6C8688C}.Debug|Any CPU.ActiveCfg = Debug|Any CPU
		{A04F5691-CB84-45DD-9C15-DE3FC6C8688C}.Debug|Any CPU.Build.0 = Debug|Any CPU
		{A04F5691-CB84-45DD-9C15-DE3FC6C8688C}.Release|Any CPU.ActiveCfg = Release|Any CPU
		{A04F5691-CB84-45DD-9C15-DE3FC6C8688C}.Release|Any CPU.Build.0 = Release|Any CPU
	EndGlobalSection
	GlobalSection(SolutionProperties) = preSolution
		HideSolutionNode = FALSE
	EndGlobalSection
	GlobalSection(ExtensibilityGlobals) = postSolution
		SolutionGuid = {0C2C2779-7D0E-45CC-9E1B-020FF603F9BA}
	EndGlobalSection
EndGlobal
