
Microsoft Visual Studio Solution File, Format Version 12.00
# Visual Studio Version 17
VisualStudioVersion = 17.8.34004.107
MinimumVisualStudioVersion = 10.0.40219.1
Project("{FAE04EC0-301F-11D3-BF4B-00C04F79EFBC}") = "OutPram_Demo", "OutPram_Demo.csproj", "{E16972AF-E2B7-4AAB-843D-9747E8667D87}"
EndProject
Global
	GlobalSection(SolutionConfigurationPlatforms) = preSolution
		Debug|Any CPU = Debug|Any CPU
		Release|Any CPU = Release|Any CPU
	EndGlobalSection
	GlobalSection(ProjectConfigurationPlatforms) = postSolution
		{E16972AF-E2B7-4AAB-843D-9747E8667D87}.Debug|Any CPU.ActiveCfg = Debug|Any CPU
		{E16972AF-E2B7-4AAB-843D-9747E8667D87}.Debug|Any CPU.Build.0 = Debug|Any CPU
		{E16972AF-E2B7-4AAB-843D-9747E8667D87}.Release|Any CPU.ActiveCfg = Release|Any CPU
		{E16972AF-E2B7-4AAB-843D-9747E8667D87}.Release|Any CPU.Build.0 = Release|Any CPU
	EndGlobalSection
	GlobalSection(SolutionProperties) = preSolution
		HideSolutionNode = FALSE
	EndGlobalSection
	GlobalSection(ExtensibilityGlobals) = postSolution
		SolutionGuid = {08CF836D-D8B6-44F5-AFB5-DF1B3DDDC3E1}
	EndGlobalSection
EndGlobal
