
Microsoft Visual Studio Solution File, Format Version 12.00
# Visual Studio Version 17
VisualStudioVersion = 17.8.34004.107
MinimumVisualStudioVersion = 10.0.40219.1
Project("{FAE04EC0-301F-11D3-BF4B-00C04F79EFBC}") = "Employee_Data", "Employee_Data.csproj", "{0A1800BB-1319-4051-8E29-EC78BFAC688A}"
EndProject
Global
	GlobalSection(SolutionConfigurationPlatforms) = preSolution
		Debug|Any CPU = Debug|Any CPU
		Release|Any CPU = Release|Any CPU
	EndGlobalSection
	GlobalSection(ProjectConfigurationPlatforms) = postSolution
		{0A1800BB-1319-4051-8E29-EC78BFAC688A}.Debug|Any CPU.ActiveCfg = Debug|Any CPU
		{0A1800BB-1319-4051-8E29-EC78BFAC688A}.Debug|Any CPU.Build.0 = Debug|Any CPU
		{0A1800BB-1319-4051-8E29-EC78BFAC688A}.Release|Any CPU.ActiveCfg = Release|Any CPU
		{0A1800BB-1319-4051-8E29-EC78BFAC688A}.Release|Any CPU.Build.0 = Release|Any CPU
	EndGlobalSection
	GlobalSection(SolutionProperties) = preSolution
		HideSolutionNode = FALSE
	EndGlobalSection
	GlobalSection(ExtensibilityGlobals) = postSolution
		SolutionGuid = {ECEF7822-DB38-4A55-B47C-625CDADD1B7B}
	EndGlobalSection
EndGlobal
