
Microsoft Visual Studio Solution File, Format Version 12.00
# Visual Studio Version 17
VisualStudioVersion = 17.8.34004.107
MinimumVisualStudioVersion = 10.0.40219.1
Project("{FAE04EC0-301F-11D3-BF4B-00C04F79EFBC}") = "Add Any Two Number", "Add Any Two Number.csproj", "{9896ABBE-040B-4A8C-92C3-3722B1B96966}"
EndProject
Global
	GlobalSection(SolutionConfigurationPlatforms) = preSolution
		Debug|Any CPU = Debug|Any CPU
		Release|Any CPU = Release|Any CPU
	EndGlobalSection
	GlobalSection(ProjectConfigurationPlatforms) = postSolution
		{9896ABBE-040B-4A8C-92C3-3722B1B96966}.Debug|Any CPU.ActiveCfg = Debug|Any CPU
		{9896ABBE-040B-4A8C-92C3-3722B1B96966}.Debug|Any CPU.Build.0 = Debug|Any CPU
		{9896ABBE-040B-4A8C-92C3-3722B1B96966}.Release|Any CPU.ActiveCfg = Release|Any CPU
		{9896ABBE-040B-4A8C-92C3-3722B1B96966}.Release|Any CPU.Build.0 = Release|Any CPU
	EndGlobalSection
	GlobalSection(SolutionProperties) = preSolution
		HideSolutionNode = FALSE
	EndGlobalSection
	GlobalSection(ExtensibilityGlobals) = postSolution
		SolutionGuid = {BC49D5B0-66F0-4902-B913-FA096B9F37DD}
	EndGlobalSection
EndGlobal
