
Microsoft Visual Studio Solution File, Format Version 12.00
# Visual Studio Version 17
VisualStudioVersion = 17.8.34004.107
MinimumVisualStudioVersion = 10.0.40219.1
Project("{FAE04EC0-301F-11D3-BF4B-00C04F79EFBC}") = "ForEachDemo", "ForEachDemo.csproj", "{9AC77A34-2A88-4E4F-A685-AC705AC8E53F}"
EndProject
Global
	GlobalSection(SolutionConfigurationPlatforms) = preSolution
		Debug|Any CPU = Debug|Any CPU
		Release|Any CPU = Release|Any CPU
	EndGlobalSection
	GlobalSection(ProjectConfigurationPlatforms) = postSolution
		{9AC77A34-2A88-4E4F-A685-AC705AC8E53F}.Debug|Any CPU.ActiveCfg = Debug|Any CPU
		{9AC77A34-2A88-4E4F-A685-AC705AC8E53F}.Debug|Any CPU.Build.0 = Debug|Any CPU
		{9AC77A34-2A88-4E4F-A685-AC705AC8E53F}.Release|Any CPU.ActiveCfg = Release|Any CPU
		{9AC77A34-2A88-4E4F-A685-AC705AC8E53F}.Release|Any CPU.Build.0 = Release|Any CPU
	EndGlobalSection
	GlobalSection(SolutionProperties) = preSolution
		HideSolutionNode = FALSE
	EndGlobalSection
	GlobalSection(ExtensibilityGlobals) = postSolution
		SolutionGuid = {A8FBAE3E-53AC-40D5-958A-FA974C6196EA}
	EndGlobalSection
EndGlobal
