
Microsoft Visual Studio Solution File, Format Version 12.00
# Visual Studio Version 17
VisualStudioVersion = 17.8.34004.107
MinimumVisualStudioVersion = 10.0.40219.1
Project("{FAE04EC0-301F-11D3-BF4B-00C04F79EFBC}") = "MultiThreading_2", "MultiThreading_2.csproj", "{74FD810B-C1E5-416E-9C5C-78DAC59D93D5}"
EndProject
Global
	GlobalSection(SolutionConfigurationPlatforms) = preSolution
		Debug|Any CPU = Debug|Any CPU
		Release|Any CPU = Release|Any CPU
	EndGlobalSection
	GlobalSection(ProjectConfigurationPlatforms) = postSolution
		{74FD810B-C1E5-416E-9C5C-78DAC59D93D5}.Debug|Any CPU.ActiveCfg = Debug|Any CPU
		{74FD810B-C1E5-416E-9C5C-78DAC59D93D5}.Debug|Any CPU.Build.0 = Debug|Any CPU
		{74FD810B-C1E5-416E-9C5C-78DAC59D93D5}.Release|Any CPU.ActiveCfg = Release|Any CPU
		{74FD810B-C1E5-416E-9C5C-78DAC59D93D5}.Release|Any CPU.Build.0 = Release|Any CPU
	EndGlobalSection
	GlobalSection(SolutionProperties) = preSolution
		HideSolutionNode = FALSE
	EndGlobalSection
	GlobalSection(ExtensibilityGlobals) = postSolution
		SolutionGuid = {2D8D9BB3-52EC-4FF9-82D7-FE925640F7B3}
	EndGlobalSection
EndGlobal
